# THIS IS AN AUTOGENERATED FILE. DO NOT EDIT THIS FILE DIRECTLY.
# yarn lockfile v1


jquery.flipster@^1.1.6:
  version "1.1.6"
  resolved "https://registry.yarnpkg.com/jquery.flipster/-/jquery.flipster-1.1.6.tgz#5f47b7ae9ab68648e6107545f271fea47ec4b9ba"
  integrity sha512-4vD7+KO/Jec1ZdAwMc3aeQb+qfBF6X6EX2DPRkMBvUq6lpjCp+s8+F0xjSTKIiMxjF0ecVFhUGCKalhByp3DcA==

jquery@^3.7.1:
  version "3.7.1"
  resolved "https://registry.yarnpkg.com/jquery/-/jquery-3.7.1.tgz#083ef98927c9a6a74d05a6af02806566d16274de"
  integrity sha512-m4avr8yL8kmFN8psrbFFFmB/If14iN5o9nw/NgnnM+kybDJpRsAynV2BsfpTYrTRysYUdADVD7CkUUizgkpLfg==
